
Microsoft Visual Studio Solution File, Format Version 12.00
# Visual Studio Version 17
VisualStudioVersion = 17.1.32210.238
MinimumVisualStudioVersion = 10.0.40219.1
Project("{FAE04EC0-301F-11D3-BF4B-00C04F79EFBC}") = "Practice_ADO.NET", "Practice_ADO.NET\Practice_ADO.NET.csproj", "{A21AED11-311B-4558-AB45-AFDEAF823941}"
EndProject
Global
	GlobalSection(SolutionConfigurationPlatforms) = preSolution
		Debug|Any CPU = Debug|Any CPU
		Release|Any CPU = Release|Any CPU
	EndGlobalSection
	GlobalSection(ProjectConfigurationPlatforms) = postSolution
		{A21AED11-311B-4558-AB45-AFDEAF823941}.Debug|Any CPU.ActiveCfg = Debug|Any CPU
		{A21AED11-311B-4558-AB45-AFDEAF823941}.Debug|Any CPU.Build.0 = Debug|Any CPU
		{A21AED11-311B-4558-AB45-AFDEAF823941}.Release|Any CPU.ActiveCfg = Release|Any CPU
		{A21AED11-311B-4558-AB45-AFDEAF823941}.Release|Any CPU.Build.0 = Release|Any CPU
	EndGlobalSection
	GlobalSection(SolutionProperties) = preSolution
		HideSolutionNode = FALSE
	EndGlobalSection
	GlobalSection(ExtensibilityGlobals) = postSolution
		SolutionGuid = {1F95673A-7D08-4FF2-8BFA-4517B7341D14}
	EndGlobalSection
EndGlobal
